
Microsoft Visual Studio Solution File, Format Version 11.00
# Visual Studio 2010
Project("{FAE04EC0-301F-11D3-BF4B-00C04F79EFBC}") = "Assembly-CSharp", "Assembly-CSharp.csproj", "{C802CD6D-08A4-2E15-857A-832559440797}"
EndProject
Project("{FAE04EC0-301F-11D3-BF4B-00C04F79EFBC}") = "Assembly-CSharp-Editor", "Assembly-CSharp-Editor.csproj", "{DED4BDA3-DE99-62CF-3773-7A62BC39BB74}"
EndProject
Global
	GlobalSection(SolutionConfigurationPlatforms) = preSolution
		Debug|Any CPU = Debug|Any CPU
		Release|Any CPU = Release|Any CPU
	EndGlobalSection
	GlobalSection(ProjectConfigurationPlatforms) = postSolution
		{C802CD6D-08A4-2E15-857A-832559440797}.Debug|Any CPU.ActiveCfg = Debug|Any CPU
		{C802CD6D-08A4-2E15-857A-832559440797}.Debug|Any CPU.Build.0 = Debug|Any CPU
		{C802CD6D-08A4-2E15-857A-832559440797}.Release|Any CPU.ActiveCfg = Release|Any CPU
		{C802CD6D-08A4-2E15-857A-832559440797}.Release|Any CPU.Build.0 = Release|Any CPU
		{DED4BDA3-DE99-62CF-3773-7A62BC39BB74}.Debug|Any CPU.ActiveCfg = Debug|Any CPU
		{DED4BDA3-DE99-62CF-3773-7A62BC39BB74}.Debug|Any CPU.Build.0 = Debug|Any CPU
		{DED4BDA3-DE99-62CF-3773-7A62BC39BB74}.Release|Any CPU.ActiveCfg = Release|Any CPU
		{DED4BDA3-DE99-62CF-3773-7A62BC39BB74}.Release|Any CPU.Build.0 = Release|Any CPU
	EndGlobalSection
	GlobalSection(SolutionProperties) = preSolution
		HideSolutionNode = FALSE
	EndGlobalSection
EndGlobal
